{
  "version": 4,
  "terraform_version": "0.12.9",
  "serial": 2,
  "lineage": "8a80e031-3e1e-1770-4b7c-ab537ab43dc1",
  "outputs": {
    "s3_bucket_id": {
      "value": "softwareag-remote-state-dev",
      "type": "string"
    }
  },
  "resources": [
    {
      "mode": "managed",
      "type": "aws_s3_bucket",
      "name": "remote_state",
      "provider": "provider.aws",
      "instances": [
        {
          "schema_version": 0,
          "attributes": {
            "acceleration_status": "",
            "acl": "authenticated-read",
            "arn": "arn:aws:s3:::softwareag-remote-state-dev",
            "bucket": "softwareag-remote-state-dev",
            "bucket_domain_name": "softwareag-remote-state-dev.s3.amazonaws.com",
            "bucket_prefix": null,
            "bucket_regional_domain_name": "softwareag-remote-state-dev.s3.us-west-2.amazonaws.com",
            "cors_rule": [],
            "force_destroy": false,
            "hosted_zone_id": "Z3BJ6K6RIION7M",
            "id": "softwareag-remote-state-dev",
            "lifecycle_rule": [],
            "logging": [],
            "object_lock_configuration": [],
            "policy": null,
            "region": "us-west-2",
            "replication_configuration": [],
            "request_payer": "BucketOwner",
            "server_side_encryption_configuration": [],
            "tags": {
              "Environment": "dev",
              "Name": "softwareag-remote-state-dev"
            },
            "versioning": [
              {
                "enabled": true,
                "mfa_delete": false
              }
            ],
            "website": [],
            "website_domain": null,
            "website_endpoint": null
          },
          "private": "bnVsbA=="
        }
      ]
    }
  ]
}
